dmitri.shuralyov.com/gpu/mtl v0.0.0-20221208032759-85de2813cf6b h1:a26Bdkl2B9PmYN6vGXnnfB2UGKjz0Moif1aEg+xTd7M=
dmitri.shuralyov.com/gpu/mtl v0.0.0-20221208032759-85de2813cf6b/go.mod h1:H6x//7gZCb22OMCxBHrMx7a5I7Hp++hsVxbQ4BYO7hU=
github.com/Xsf57i2G/cam v0.0.0-20241201113216-84835165eb3a h1:GMgMRHyAHUDDhW7HuuzWd+ksfThcEP77EBbPMIpgxWI=
github.com/Xsf57i2G/cam v0.0.0-20241201113216-84835165eb3a/go.mod h1:U3Us4ilOekw2evsFndQHbUeyZ897EclbUWd27u2n2GE=
github.com/Xsf57i2G/frame v0.0.0-20241201115257-a28c831ef024 h1:xVRr9YfqYxlobFkwOz/eDqj7URnrtS+J8A4E22Zbojs=
github.com/Xsf57i2G/frame v0.0.0-20241201115257-a28c831ef024/go.mod h1:wcvG1rdzQSZXs/V23dRAGp+Uo/d7Vq2kajyA8uFDiXU=
github.com/Xsf57i2G/geom v0.0.0-20241201112731-adce9808051c h1:6/goEAQ/KBPlqyqb6xvHaKUoOmxsy7s/7IxMRNggI5I=
github.com/Xsf57i2G/geom v0.0.0-20241201112731-adce9808051c/go.mod h1:qyHaykJ4T51wTeR8O9gcLWbjSn9GJQfipFNOyPWUgVY=
github.com/Xsf57i2G/monet v0.0.0-20241201113435-b74ce562892b h1:ZMyVwylrQme7jJJbxRPay+vfrurDw6TfCrXQoZqEnRc=
github.com/Xsf57i2G/monet v0.0.0-20241201113435-b74ce562892b/go.mod h1:pU+sQbs2bYZ8zAuvH61GUuxOdgJlbV/HPUDM+juCBqA=
github.com/go-gl/glfw/v3.3/glfw v0.0.0-20231223183121-56fa3ac82ce7 h1:7tf/0aw5DxRQjr7WaNqgtjidub6v21L2cogKIbMcTYw=
github.com/go-gl/glfw/v3.3/glfw v0.0.0-20231223183121-56fa3ac82ce7/go.mod h1:tQ2UAYgL5IevRw8kRxooKSPJfGvJ9fJQFa0TUsXzTg8=
github.com/jezek/xgb v1.1.1 h1:bE/r8ZZtSv7l9gk6nU0mYx51aXrvnyb44892TwSaqS4=
github.com/jezek/xgb v1.1.1/go.mod h1:nrhwO0FX/enq75I7Y7G8iN1ubpSGZEiA3v9e9GyRFlk=
golang.org/x/exp/shiny v0.0.0-20241108190413-2d47ceb2692f h1:vic/+xALPgqKNmH4tJ2tsJh9M51ULiNg5hoQd84DVM4=
golang.org/x/exp/shiny v0.0.0-20241108190413-2d47ceb2692f/go.mod h1:3F+MieQB7dRYLTmnncoFbb1crS5lfQoTfDgQy6K4N0o=
golang.org/x/image v0.14.0 h1:tNgSxAFe3jC4uYqvZdTr84SZoM1KfwdC9SKIFrLjFn4=
golang.org/x/image v0.14.0/go.mod h1:HUYqC05R2ZcZ3ejNQsIHQDQiwWM4JBqmm6MKANTp4LE=
golang.org/x/mobile v0.0.0-20231127183840-76ac6878050a h1:sYbmY3FwUWCBTodZL1S3JUuOvaW6kM2o+clDzzDNBWg=
golang.org/x/mobile v0.0.0-20231127183840-76ac6878050a/go.mod h1:Ede7gF0KGoHlj822RtphAHK1jLdrcuRBZg0sF1Q+SPc=
golang.org/x/sys v0.15.0 h1:h48lPFYpsTvQJZF4EKyI4aLHaev3CxivZmv7yZig9pc=
golang.org/x/sys v0.15.0/go.mod h1:/VUhepiaJMQUp4+oa/7Zr1D23ma6VTLIYjOOTFZPUcA=
